
Microsoft Visual Studio Solution File, Format Version 12.00
# Visual Studio Version 16
VisualStudioVersion = 16.0.31911.196
MinimumVisualStudioVersion = 10.0.40219.1
Project("{9A19103F-16F7-4668-BE54-9A1E7A4F7556}") = "FloAppiumTests", "FloAppiumTests.csproj", "{BB42EC4A-B7D5-4EF8-B74D-D9445E7D13F2}"
EndProject
Global
	GlobalSection(SolutionConfigurationPlatforms) = preSolution
		Debug|Any CPU = Debug|Any CPU
		Release|Any CPU = Release|Any CPU
	EndGlobalSection
	GlobalSection(ProjectConfigurationPlatforms) = postSolution
		{BB42EC4A-B7D5-4EF8-B74D-D9445E7D13F2}.Debug|Any CPU.ActiveCfg = Debug|Any CPU
		{BB42EC4A-B7D5-4EF8-B74D-D9445E7D13F2}.Debug|Any CPU.Build.0 = Debug|Any CPU
		{BB42EC4A-B7D5-4EF8-B74D-D9445E7D13F2}.Release|Any CPU.ActiveCfg = Release|Any CPU
		{BB42EC4A-B7D5-4EF8-B74D-D9445E7D13F2}.Release|Any CPU.Build.0 = Release|Any CPU
	EndGlobalSection
	GlobalSection(SolutionProperties) = preSolution
		HideSolutionNode = FALSE
	EndGlobalSection
	GlobalSection(ExtensibilityGlobals) = postSolution
		SolutionGuid = {68E70268-0CD8-4275-A22D-164CB59CE0CB}
	EndGlobalSection
EndGlobal
